
Microsoft Visual Studio Solution File, Format Version 12.00
# Visual Studio 15
VisualStudioVersion = 15.0.26124.0
MinimumVisualStudioVersion = 15.0.26124.0
Project("{9A19103F-16F7-4668-BE54-9A1E7A4F7556}") = "PageObjects", "PageObjects\PageObjects.csproj", "{05F855BF-B844-4365-91D9-A315F1DA374B}"
EndProject
Project("{9A19103F-16F7-4668-BE54-9A1E7A4F7556}") = "Scripts", "Scripts\Scripts.csproj", "{5C6ED149-99D7-4FF0-B063-9E83E57B149A}"
EndProject
Project("{9A19103F-16F7-4668-BE54-9A1E7A4F7556}") = "UnitTests", "UnitTests\UnitTests.csproj", "{B84D0CE3-D4F9-4E4A-A17B-7AB924863062}"
EndProject
Project("{9A19103F-16F7-4668-BE54-9A1E7A4F7556}") = "UITests", "UITests\UITests.csproj", "{77A0E1C4-87AF-4F3B-A662-4B586DD73DD0}"
EndProject
Project("{2150E333-8FDC-42A3-9474-1A3956D46DE8}") = "Doxygen", "Doxygen", "{1A449E71-91BC-4182-A2C2-37F3FA408E99}"
	ProjectSection(SolutionItems) = preProject
		Doxygen\layoutfile.xml = Doxygen\layoutfile.xml
	EndProjectSection
EndProject
Project("{2150E333-8FDC-42A3-9474-1A3956D46DE8}") = "Docs", "Docs", "{5DF7D784-12FD-4570-81A5-79084CFB4130}"
EndProject
Project("{2150E333-8FDC-42A3-9474-1A3956D46DE8}") = "html", "html", "{BA4BA5D9-FD82-4D6F-A2E6-FDC68D3C1808}"
	ProjectSection(SolutionItems) = preProject
		Docs\html\annotated.html = Docs\html\annotated.html
		Docs\html\annotated_dup.js = Docs\html\annotated_dup.js
		Docs\html\bc_s.png = Docs\html\bc_s.png
		Docs\html\bdwn.png = Docs\html\bdwn.png
		Docs\html\class_automation_practice_1_1_page_objects_1_1_automation_practice_i_ds-members.html = Docs\html\class_automation_practice_1_1_page_objects_1_1_automation_practice_i_ds-members.html
		Docs\html\class_automation_practice_1_1_page_objects_1_1_automation_practice_i_ds.html = Docs\html\class_automation_practice_1_1_page_objects_1_1_automation_practice_i_ds.html
		Docs\html\class_automation_practice_1_1_page_objects_1_1_automation_practice_i_ds.js = Docs\html\class_automation_practice_1_1_page_objects_1_1_automation_practice_i_ds.js
		Docs\html\class_automation_practice_1_1_page_objects_1_1_automation_practice_index_page-members.html = Docs\html\class_automation_practice_1_1_page_objects_1_1_automation_practice_index_page-members.html
		Docs\html\class_automation_practice_1_1_page_objects_1_1_automation_practice_index_page.html = Docs\html\class_automation_practice_1_1_page_objects_1_1_automation_practice_index_page.html
		Docs\html\class_automation_practice_1_1_page_objects_1_1_automation_practice_index_page.js = Docs\html\class_automation_practice_1_1_page_objects_1_1_automation_practice_index_page.js
		Docs\html\class_automation_practice_1_1_page_objects_1_1_automation_practice_index_page.png = Docs\html\class_automation_practice_1_1_page_objects_1_1_automation_practice_index_page.png
		Docs\html\class_automation_practice_1_1_page_objects_1_1_my_account-members.html = Docs\html\class_automation_practice_1_1_page_objects_1_1_my_account-members.html
		Docs\html\class_automation_practice_1_1_page_objects_1_1_my_account.html = Docs\html\class_automation_practice_1_1_page_objects_1_1_my_account.html
		Docs\html\class_automation_practice_1_1_page_objects_1_1_my_account.js = Docs\html\class_automation_practice_1_1_page_objects_1_1_my_account.js
		Docs\html\class_automation_practice_1_1_page_objects_1_1_my_account.png = Docs\html\class_automation_practice_1_1_page_objects_1_1_my_account.png
		Docs\html\class_automation_practice_1_1_page_objects_1_1_page-members.html = Docs\html\class_automation_practice_1_1_page_objects_1_1_page-members.html
		Docs\html\class_automation_practice_1_1_page_objects_1_1_page.html = Docs\html\class_automation_practice_1_1_page_objects_1_1_page.html
		Docs\html\class_automation_practice_1_1_page_objects_1_1_page.js = Docs\html\class_automation_practice_1_1_page_objects_1_1_page.js
		Docs\html\class_automation_practice_1_1_page_objects_1_1_page.png = Docs\html\class_automation_practice_1_1_page_objects_1_1_page.png
		Docs\html\class_automation_practice_1_1_page_objects_1_1_page_element_i_d-members.html = Docs\html\class_automation_practice_1_1_page_objects_1_1_page_element_i_d-members.html
		Docs\html\class_automation_practice_1_1_page_objects_1_1_page_element_i_d.html = Docs\html\class_automation_practice_1_1_page_objects_1_1_page_element_i_d.html
		Docs\html\class_automation_practice_1_1_page_objects_1_1_page_element_i_d.js = Docs\html\class_automation_practice_1_1_page_objects_1_1_page_element_i_d.js
		Docs\html\class_automation_practice_1_1_page_objects_1_1_shopping_cart_dropdown-members.html = Docs\html\class_automation_practice_1_1_page_objects_1_1_shopping_cart_dropdown-members.html
		Docs\html\class_automation_practice_1_1_page_objects_1_1_shopping_cart_dropdown.html = Docs\html\class_automation_practice_1_1_page_objects_1_1_shopping_cart_dropdown.html
		Docs\html\class_automation_practice_1_1_page_objects_1_1_shopping_cart_dropdown.js = Docs\html\class_automation_practice_1_1_page_objects_1_1_shopping_cart_dropdown.js
		Docs\html\class_automation_practice_1_1_page_objects_1_1_shopping_cart_dropdown.png = Docs\html\class_automation_practice_1_1_page_objects_1_1_shopping_cart_dropdown.png
		Docs\html\class_automation_practice_1_1_page_objects_1_1_sign_in_form-members.html = Docs\html\class_automation_practice_1_1_page_objects_1_1_sign_in_form-members.html
		Docs\html\class_automation_practice_1_1_page_objects_1_1_sign_in_form.html = Docs\html\class_automation_practice_1_1_page_objects_1_1_sign_in_form.html
		Docs\html\class_automation_practice_1_1_page_objects_1_1_sign_in_form.js = Docs\html\class_automation_practice_1_1_page_objects_1_1_sign_in_form.js
		Docs\html\class_automation_practice_1_1_page_objects_1_1_sign_in_form.png = Docs\html\class_automation_practice_1_1_page_objects_1_1_sign_in_form.png
		Docs\html\class_automation_practice_1_1_page_objects_1_1_web_driver_clickable-members.html = Docs\html\class_automation_practice_1_1_page_objects_1_1_web_driver_clickable-members.html
		Docs\html\class_automation_practice_1_1_page_objects_1_1_web_driver_clickable.html = Docs\html\class_automation_practice_1_1_page_objects_1_1_web_driver_clickable.html
		Docs\html\class_automation_practice_1_1_page_objects_1_1_web_driver_clickable.js = Docs\html\class_automation_practice_1_1_page_objects_1_1_web_driver_clickable.js
		Docs\html\class_automation_practice_1_1_page_objects_1_1_web_driver_clickable.png = Docs\html\class_automation_practice_1_1_page_objects_1_1_web_driver_clickable.png
		Docs\html\class_automation_practice_1_1_page_objects_1_1_web_driver_inputable-members.html = Docs\html\class_automation_practice_1_1_page_objects_1_1_web_driver_inputable-members.html
		Docs\html\class_automation_practice_1_1_page_objects_1_1_web_driver_inputable.html = Docs\html\class_automation_practice_1_1_page_objects_1_1_web_driver_inputable.html
		Docs\html\class_automation_practice_1_1_page_objects_1_1_web_driver_inputable.js = Docs\html\class_automation_practice_1_1_page_objects_1_1_web_driver_inputable.js
		Docs\html\class_automation_practice_1_1_page_objects_1_1_web_driver_inputable.png = Docs\html\class_automation_practice_1_1_page_objects_1_1_web_driver_inputable.png
		Docs\html\class_automation_practice_1_1_page_objects_1_1_web_driver_page_object_implementor-members.html = Docs\html\class_automation_practice_1_1_page_objects_1_1_web_driver_page_object_implementor-members.html
		Docs\html\class_automation_practice_1_1_page_objects_1_1_web_driver_page_object_implementor.html = Docs\html\class_automation_practice_1_1_page_objects_1_1_web_driver_page_object_implementor.html
		Docs\html\class_automation_practice_1_1_page_objects_1_1_web_driver_page_object_implementor.js = Docs\html\class_automation_practice_1_1_page_objects_1_1_web_driver_page_object_implementor.js
		Docs\html\class_automation_practice_1_1_page_objects_1_1_web_driver_page_object_implementor.png = Docs\html\class_automation_practice_1_1_page_objects_1_1_web_driver_page_object_implementor.png
		Docs\html\class_automation_practice_1_1_page_objects_1_1_web_driver_readable-members.html = Docs\html\class_automation_practice_1_1_page_objects_1_1_web_driver_readable-members.html
		Docs\html\class_automation_practice_1_1_page_objects_1_1_web_driver_readable.html = Docs\html\class_automation_practice_1_1_page_objects_1_1_web_driver_readable.html
		Docs\html\class_automation_practice_1_1_page_objects_1_1_web_driver_readable.js = Docs\html\class_automation_practice_1_1_page_objects_1_1_web_driver_readable.js
		Docs\html\class_automation_practice_1_1_page_objects_1_1_web_driver_readable.png = Docs\html\class_automation_practice_1_1_page_objects_1_1_web_driver_readable.png
		Docs\html\class_automation_practice_1_1_page_objects_1_1_women_categories_page-members.html = Docs\html\class_automation_practice_1_1_page_objects_1_1_women_categories_page-members.html
		Docs\html\class_automation_practice_1_1_page_objects_1_1_women_categories_page.html = Docs\html\class_automation_practice_1_1_page_objects_1_1_women_categories_page.html
		Docs\html\class_automation_practice_1_1_page_objects_1_1_women_categories_page.js = Docs\html\class_automation_practice_1_1_page_objects_1_1_women_categories_page.js
		Docs\html\class_automation_practice_1_1_page_objects_1_1_women_categories_page.png = Docs\html\class_automation_practice_1_1_page_objects_1_1_women_categories_page.png
		Docs\html\class_automation_practice_1_1_scripts_1_1_script-members.html = Docs\html\class_automation_practice_1_1_scripts_1_1_script-members.html
		Docs\html\class_automation_practice_1_1_scripts_1_1_script.html = Docs\html\class_automation_practice_1_1_scripts_1_1_script.html
		Docs\html\class_automation_practice_1_1_scripts_1_1_script.js = Docs\html\class_automation_practice_1_1_scripts_1_1_script.js
		Docs\html\class_automation_practice_1_1_scripts_1_1_script.png = Docs\html\class_automation_practice_1_1_scripts_1_1_script.png
		Docs\html\class_automation_practice_1_1_unit_tests_1_1_unit_tests-members.html = Docs\html\class_automation_practice_1_1_unit_tests_1_1_unit_tests-members.html
		Docs\html\class_automation_practice_1_1_unit_tests_1_1_unit_tests.html = Docs\html\class_automation_practice_1_1_unit_tests_1_1_unit_tests.html
		Docs\html\class_automation_practice_1_1_unit_tests_1_1_unit_tests.js = Docs\html\class_automation_practice_1_1_unit_tests_1_1_unit_tests.js
		Docs\html\class_u_i_tests_1_1_automation_practice_u_i_tests-members.html = Docs\html\class_u_i_tests_1_1_automation_practice_u_i_tests-members.html
		Docs\html\class_u_i_tests_1_1_automation_practice_u_i_tests.html = Docs\html\class_u_i_tests_1_1_automation_practice_u_i_tests.html
		Docs\html\class_u_i_tests_1_1_automation_practice_u_i_tests.js = Docs\html\class_u_i_tests_1_1_automation_practice_u_i_tests.js
		Docs\html\classes.html = Docs\html\classes.html
		Docs\html\closed.png = Docs\html\closed.png
		Docs\html\dir_01f2776c3439c9b1fb5369288a9433df.html = Docs\html\dir_01f2776c3439c9b1fb5369288a9433df.html
		Docs\html\dir_0a3c5de6f5151479b4f34a290233110a.html = Docs\html\dir_0a3c5de6f5151479b4f34a290233110a.html
		Docs\html\dir_18e137fb666a0c22f8e519b0da0a173d.html = Docs\html\dir_18e137fb666a0c22f8e519b0da0a173d.html
		Docs\html\dir_34c11e2775a40cc41cfd36ebb0edc348.html = Docs\html\dir_34c11e2775a40cc41cfd36ebb0edc348.html
		Docs\html\dir_397f7185822f1b08f1bee25dd1ee54da.html = Docs\html\dir_397f7185822f1b08f1bee25dd1ee54da.html
		Docs\html\dir_3b741bcebc70d122666b0143ffac8fa7.html = Docs\html\dir_3b741bcebc70d122666b0143ffac8fa7.html
		Docs\html\dir_44cfd1c739d8e2209c996e4687a1f2e5.html = Docs\html\dir_44cfd1c739d8e2209c996e4687a1f2e5.html
		Docs\html\dir_4a1b78c88741a4ea16af7113083f5ac9.html = Docs\html\dir_4a1b78c88741a4ea16af7113083f5ac9.html
		Docs\html\dir_4be4f7b278e009bf0f1906cf31fb73bd.html = Docs\html\dir_4be4f7b278e009bf0f1906cf31fb73bd.html
		Docs\html\dir_4edcbb236dfd51dd81727243a38df6a0.html = Docs\html\dir_4edcbb236dfd51dd81727243a38df6a0.html
		Docs\html\dir_7a1790cea20a892c83d86d09643e0e00.html = Docs\html\dir_7a1790cea20a892c83d86d09643e0e00.html
		Docs\html\dir_bb476710b81433505e34e275b698f724.html = Docs\html\dir_bb476710b81433505e34e275b698f724.html
		Docs\html\dir_bea703bfea8ad6dd6a3532ef4cf5e953.html = Docs\html\dir_bea703bfea8ad6dd6a3532ef4cf5e953.html
		Docs\html\dir_cfa375a838b87aa88434705071b8335c.html = Docs\html\dir_cfa375a838b87aa88434705071b8335c.html
		Docs\html\dir_d626b9fd2d1978a69395f85f0b6cf35e.html = Docs\html\dir_d626b9fd2d1978a69395f85f0b6cf35e.html
		Docs\html\dir_dd9f04c6e481f7a5813e6479b668f637.html = Docs\html\dir_dd9f04c6e481f7a5813e6479b668f637.html
		Docs\html\dir_de114fe17fb6f8a1e8970af96d624be3.html = Docs\html\dir_de114fe17fb6f8a1e8970af96d624be3.html
		Docs\html\dir_ffeacafb3dbc22e4bb7e6f396effed82.html = Docs\html\dir_ffeacafb3dbc22e4bb7e6f396effed82.html
		Docs\html\doc.png = Docs\html\doc.png
		Docs\html\doxygen.css = Docs\html\doxygen.css
		Docs\html\doxygen.png = Docs\html\doxygen.png
		Docs\html\dynsections.js = Docs\html\dynsections.js
		Docs\html\folderclosed.png = Docs\html\folderclosed.png
		Docs\html\folderopen.png = Docs\html\folderopen.png
		Docs\html\functions.html = Docs\html\functions.html
		Docs\html\functions_func.html = Docs\html\functions_func.html
		Docs\html\functions_prop.html = Docs\html\functions_prop.html
		Docs\html\functions_vars.html = Docs\html\functions_vars.html
		Docs\html\hierarchy.html = Docs\html\hierarchy.html
		Docs\html\hierarchy.js = Docs\html\hierarchy.js
		Docs\html\index.html = Docs\html\index.html
		Docs\html\interface_automation_practice_1_1_page_objects_1_1_i_clickable-members.html = Docs\html\interface_automation_practice_1_1_page_objects_1_1_i_clickable-members.html
		Docs\html\interface_automation_practice_1_1_page_objects_1_1_i_clickable.html = Docs\html\interface_automation_practice_1_1_page_objects_1_1_i_clickable.html
		Docs\html\interface_automation_practice_1_1_page_objects_1_1_i_clickable.js = Docs\html\interface_automation_practice_1_1_page_objects_1_1_i_clickable.js
		Docs\html\interface_automation_practice_1_1_page_objects_1_1_i_clickable.png = Docs\html\interface_automation_practice_1_1_page_objects_1_1_i_clickable.png
		Docs\html\interface_automation_practice_1_1_page_objects_1_1_i_has_shopping_cart_dropdown-members.html = Docs\html\interface_automation_practice_1_1_page_objects_1_1_i_has_shopping_cart_dropdown-members.html
		Docs\html\interface_automation_practice_1_1_page_objects_1_1_i_has_shopping_cart_dropdown.html = Docs\html\interface_automation_practice_1_1_page_objects_1_1_i_has_shopping_cart_dropdown.html
		Docs\html\interface_automation_practice_1_1_page_objects_1_1_i_has_shopping_cart_dropdown.js = Docs\html\interface_automation_practice_1_1_page_objects_1_1_i_has_shopping_cart_dropdown.js
		Docs\html\interface_automation_practice_1_1_page_objects_1_1_i_has_shopping_cart_dropdown.png = Docs\html\interface_automation_practice_1_1_page_objects_1_1_i_has_shopping_cart_dropdown.png
		Docs\html\interface_automation_practice_1_1_page_objects_1_1_i_has_women_tab-members.html = Docs\html\interface_automation_practice_1_1_page_objects_1_1_i_has_women_tab-members.html
		Docs\html\interface_automation_practice_1_1_page_objects_1_1_i_has_women_tab.html = Docs\html\interface_automation_practice_1_1_page_objects_1_1_i_has_women_tab.html
		Docs\html\interface_automation_practice_1_1_page_objects_1_1_i_has_women_tab.js = Docs\html\interface_automation_practice_1_1_page_objects_1_1_i_has_women_tab.js
		Docs\html\interface_automation_practice_1_1_page_objects_1_1_i_has_women_tab.png = Docs\html\interface_automation_practice_1_1_page_objects_1_1_i_has_women_tab.png
		Docs\html\interface_automation_practice_1_1_page_objects_1_1_i_inputable-members.html = Docs\html\interface_automation_practice_1_1_page_objects_1_1_i_inputable-members.html
		Docs\html\interface_automation_practice_1_1_page_objects_1_1_i_inputable.html = Docs\html\interface_automation_practice_1_1_page_objects_1_1_i_inputable.html
		Docs\html\interface_automation_practice_1_1_page_objects_1_1_i_inputable.js = Docs\html\interface_automation_practice_1_1_page_objects_1_1_i_inputable.js
		Docs\html\interface_automation_practice_1_1_page_objects_1_1_i_inputable.png = Docs\html\interface_automation_practice_1_1_page_objects_1_1_i_inputable.png
		Docs\html\interface_automation_practice_1_1_page_objects_1_1_i_page_object_implementor-members.html = Docs\html\interface_automation_practice_1_1_page_objects_1_1_i_page_object_implementor-members.html
		Docs\html\interface_automation_practice_1_1_page_objects_1_1_i_page_object_implementor.html = Docs\html\interface_automation_practice_1_1_page_objects_1_1_i_page_object_implementor.html
		Docs\html\interface_automation_practice_1_1_page_objects_1_1_i_page_object_implementor.js = Docs\html\interface_automation_practice_1_1_page_objects_1_1_i_page_object_implementor.js
		Docs\html\interface_automation_practice_1_1_page_objects_1_1_i_page_object_implementor.png = Docs\html\interface_automation_practice_1_1_page_objects_1_1_i_page_object_implementor.png
		Docs\html\interface_automation_practice_1_1_page_objects_1_1_i_readable-members.html = Docs\html\interface_automation_practice_1_1_page_objects_1_1_i_readable-members.html
		Docs\html\interface_automation_practice_1_1_page_objects_1_1_i_readable.html = Docs\html\interface_automation_practice_1_1_page_objects_1_1_i_readable.html
		Docs\html\interface_automation_practice_1_1_page_objects_1_1_i_readable.js = Docs\html\interface_automation_practice_1_1_page_objects_1_1_i_readable.js
		Docs\html\interface_automation_practice_1_1_page_objects_1_1_i_readable.png = Docs\html\interface_automation_practice_1_1_page_objects_1_1_i_readable.png
		Docs\html\jquery.js = Docs\html\jquery.js
		Docs\html\md_readme.html = Docs\html\md_readme.html
		Docs\html\menu.js = Docs\html\menu.js
		Docs\html\menudata.js = Docs\html\menudata.js
		Docs\html\namespace_automation_practice.html = Docs\html\namespace_automation_practice.html
		Docs\html\namespace_automation_practice.js = Docs\html\namespace_automation_practice.js
		Docs\html\namespace_automation_practice_1_1_page_objects.html = Docs\html\namespace_automation_practice_1_1_page_objects.html
		Docs\html\namespace_automation_practice_1_1_page_objects.js = Docs\html\namespace_automation_practice_1_1_page_objects.js
		Docs\html\namespace_automation_practice_1_1_scripts.html = Docs\html\namespace_automation_practice_1_1_scripts.html
		Docs\html\namespace_automation_practice_1_1_scripts.js = Docs\html\namespace_automation_practice_1_1_scripts.js
		Docs\html\namespace_automation_practice_1_1_unit_tests.html = Docs\html\namespace_automation_practice_1_1_unit_tests.html
		Docs\html\namespace_automation_practice_1_1_unit_tests.js = Docs\html\namespace_automation_practice_1_1_unit_tests.js
		Docs\html\namespace_u_i_tests.html = Docs\html\namespace_u_i_tests.html
		Docs\html\namespace_u_i_tests.js = Docs\html\namespace_u_i_tests.js
		Docs\html\namespacemembers.html = Docs\html\namespacemembers.html
		Docs\html\namespacemembers_enum.html = Docs\html\namespacemembers_enum.html
		Docs\html\namespaces.html = Docs\html\namespaces.html
		Docs\html\namespaces.js = Docs\html\namespaces.js
		Docs\html\nav_f.png = Docs\html\nav_f.png
		Docs\html\nav_g.png = Docs\html\nav_g.png
		Docs\html\nav_h.png = Docs\html\nav_h.png
		Docs\html\navtree.css = Docs\html\navtree.css
		Docs\html\navtree.js = Docs\html\navtree.js
		Docs\html\navtreedata.js = Docs\html\navtreedata.js
		Docs\html\navtreeindex0.js = Docs\html\navtreeindex0.js
		Docs\html\open.png = Docs\html\open.png
		Docs\html\pages.html = Docs\html\pages.html
		Docs\html\resize.js = Docs\html\resize.js
		Docs\html\splitbar.png = Docs\html\splitbar.png
		Docs\html\sync_off.png = Docs\html\sync_off.png
		Docs\html\sync_on.png = Docs\html\sync_on.png
		Docs\html\tab_a.png = Docs\html\tab_a.png
		Docs\html\tab_b.png = Docs\html\tab_b.png
		Docs\html\tab_h.png = Docs\html\tab_h.png
		Docs\html\tab_s.png = Docs\html\tab_s.png
		Docs\html\tabs.css = Docs\html\tabs.css
	EndProjectSection
EndProject
Project("{2150E333-8FDC-42A3-9474-1A3956D46DE8}") = "search", "search", "{E1E70A61-DDF9-4061-84AC-2EA0D448F684}"
EndProject
Global
	GlobalSection(SolutionConfigurationPlatforms) = preSolution
		Debug|Any CPU = Debug|Any CPU
		Debug|x64 = Debug|x64
		Debug|x86 = Debug|x86
		Release|Any CPU = Release|Any CPU
		Release|x64 = Release|x64
		Release|x86 = Release|x86
	EndGlobalSection
	GlobalSection(ProjectConfigurationPlatforms) = postSolution
		{05F855BF-B844-4365-91D9-A315F1DA374B}.Debug|Any CPU.ActiveCfg = Debug|Any CPU
		{05F855BF-B844-4365-91D9-A315F1DA374B}.Debug|Any CPU.Build.0 = Debug|Any CPU
		{05F855BF-B844-4365-91D9-A315F1DA374B}.Debug|x64.ActiveCfg = Debug|Any CPU
		{05F855BF-B844-4365-91D9-A315F1DA374B}.Debug|x64.Build.0 = Debug|Any CPU
		{05F855BF-B844-4365-91D9-A315F1DA374B}.Debug|x86.ActiveCfg = Debug|Any CPU
		{05F855BF-B844-4365-91D9-A315F1DA374B}.Debug|x86.Build.0 = Debug|Any CPU
		{05F855BF-B844-4365-91D9-A315F1DA374B}.Release|Any CPU.ActiveCfg = Release|Any CPU
		{05F855BF-B844-4365-91D9-A315F1DA374B}.Release|Any CPU.Build.0 = Release|Any CPU
		{05F855BF-B844-4365-91D9-A315F1DA374B}.Release|x64.ActiveCfg = Release|Any CPU
		{05F855BF-B844-4365-91D9-A315F1DA374B}.Release|x64.Build.0 = Release|Any CPU
		{05F855BF-B844-4365-91D9-A315F1DA374B}.Release|x86.ActiveCfg = Release|Any CPU
		{05F855BF-B844-4365-91D9-A315F1DA374B}.Release|x86.Build.0 = Release|Any CPU
		{5C6ED149-99D7-4FF0-B063-9E83E57B149A}.Debug|Any CPU.ActiveCfg = Debug|Any CPU
		{5C6ED149-99D7-4FF0-B063-9E83E57B149A}.Debug|Any CPU.Build.0 = Debug|Any CPU
		{5C6ED149-99D7-4FF0-B063-9E83E57B149A}.Debug|x64.ActiveCfg = Debug|Any CPU
		{5C6ED149-99D7-4FF0-B063-9E83E57B149A}.Debug|x64.Build.0 = Debug|Any CPU
		{5C6ED149-99D7-4FF0-B063-9E83E57B149A}.Debug|x86.ActiveCfg = Debug|Any CPU
		{5C6ED149-99D7-4FF0-B063-9E83E57B149A}.Debug|x86.Build.0 = Debug|Any CPU
		{5C6ED149-99D7-4FF0-B063-9E83E57B149A}.Release|Any CPU.ActiveCfg = Release|Any CPU
		{5C6ED149-99D7-4FF0-B063-9E83E57B149A}.Release|Any CPU.Build.0 = Release|Any CPU
		{5C6ED149-99D7-4FF0-B063-9E83E57B149A}.Release|x64.ActiveCfg = Release|Any CPU
		{5C6ED149-99D7-4FF0-B063-9E83E57B149A}.Release|x64.Build.0 = Release|Any CPU
		{5C6ED149-99D7-4FF0-B063-9E83E57B149A}.Release|x86.ActiveCfg = Release|Any CPU
		{5C6ED149-99D7-4FF0-B063-9E83E57B149A}.Release|x86.Build.0 = Release|Any CPU
		{B84D0CE3-D4F9-4E4A-A17B-7AB924863062}.Debug|Any CPU.ActiveCfg = Debug|Any CPU
		{B84D0CE3-D4F9-4E4A-A17B-7AB924863062}.Debug|Any CPU.Build.0 = Debug|Any CPU
		{B84D0CE3-D4F9-4E4A-A17B-7AB924863062}.Debug|x64.ActiveCfg = Debug|Any CPU
		{B84D0CE3-D4F9-4E4A-A17B-7AB924863062}.Debug|x64.Build.0 = Debug|Any CPU
		{B84D0CE3-D4F9-4E4A-A17B-7AB924863062}.Debug|x86.ActiveCfg = Debug|Any CPU
		{B84D0CE3-D4F9-4E4A-A17B-7AB924863062}.Debug|x86.Build.0 = Debug|Any CPU
		{B84D0CE3-D4F9-4E4A-A17B-7AB924863062}.Release|Any CPU.ActiveCfg = Release|Any CPU
		{B84D0CE3-D4F9-4E4A-A17B-7AB924863062}.Release|Any CPU.Build.0 = Release|Any CPU
		{B84D0CE3-D4F9-4E4A-A17B-7AB924863062}.Release|x64.ActiveCfg = Release|Any CPU
		{B84D0CE3-D4F9-4E4A-A17B-7AB924863062}.Release|x64.Build.0 = Release|Any CPU
		{B84D0CE3-D4F9-4E4A-A17B-7AB924863062}.Release|x86.ActiveCfg = Release|Any CPU
		{B84D0CE3-D4F9-4E4A-A17B-7AB924863062}.Release|x86.Build.0 = Release|Any CPU
		{77A0E1C4-87AF-4F3B-A662-4B586DD73DD0}.Debug|Any CPU.ActiveCfg = Debug|Any CPU
		{77A0E1C4-87AF-4F3B-A662-4B586DD73DD0}.Debug|Any CPU.Build.0 = Debug|Any CPU
		{77A0E1C4-87AF-4F3B-A662-4B586DD73DD0}.Debug|x64.ActiveCfg = Debug|Any CPU
		{77A0E1C4-87AF-4F3B-A662-4B586DD73DD0}.Debug|x64.Build.0 = Debug|Any CPU
		{77A0E1C4-87AF-4F3B-A662-4B586DD73DD0}.Debug|x86.ActiveCfg = Debug|Any CPU
		{77A0E1C4-87AF-4F3B-A662-4B586DD73DD0}.Debug|x86.Build.0 = Debug|Any CPU
		{77A0E1C4-87AF-4F3B-A662-4B586DD73DD0}.Release|Any CPU.ActiveCfg = Release|Any CPU
		{77A0E1C4-87AF-4F3B-A662-4B586DD73DD0}.Release|Any CPU.Build.0 = Release|Any CPU
		{77A0E1C4-87AF-4F3B-A662-4B586DD73DD0}.Release|x64.ActiveCfg = Release|Any CPU
		{77A0E1C4-87AF-4F3B-A662-4B586DD73DD0}.Release|x64.Build.0 = Release|Any CPU
		{77A0E1C4-87AF-4F3B-A662-4B586DD73DD0}.Release|x86.ActiveCfg = Release|Any CPU
		{77A0E1C4-87AF-4F3B-A662-4B586DD73DD0}.Release|x86.Build.0 = Release|Any CPU
	EndGlobalSection
	GlobalSection(SolutionProperties) = preSolution
		HideSolutionNode = FALSE
	EndGlobalSection
	GlobalSection(NestedProjects) = preSolution
		{BA4BA5D9-FD82-4D6F-A2E6-FDC68D3C1808} = {5DF7D784-12FD-4570-81A5-79084CFB4130}
		{E1E70A61-DDF9-4061-84AC-2EA0D448F684} = {BA4BA5D9-FD82-4D6F-A2E6-FDC68D3C1808}
	EndGlobalSection
	GlobalSection(ExtensibilityGlobals) = postSolution
		SolutionGuid = {134FF1E2-C087-45B5-AF5E-C71DCE92E180}
	EndGlobalSection
EndGlobal
